
Microsoft Visual Studio Solution File, Format Version 12.00
# Visual Studio 15
VisualStudioVersion = 15.0.26430.16
MinimumVisualStudioVersion = 10.0.40219.1
Project("{8BC9CEB8-8B4A-11D0-8D11-00A0C91BC942}") = "Project1", "Project1\Project1.vcxproj", "{29AE9FA8-9E03-45CF-8652-057A3F7FB564}"
EndProject
Project("{8BC9CEB8-8B4A-11D0-8D11-00A0C91BC942}") = "Lib", "Lib\Lib.vcxproj", "{5682A1DE-E842-43CD-A3B9-4F0ADAA5228E}"
EndProject
Global
	GlobalSection(SolutionConfigurationPlatforms) = preSolution
		Debug|x64 = Debug|x64
		Debug|x86 = Debug|x86
		Release|x64 = Release|x64
		Release|x86 = Release|x86
	EndGlobalSection
	GlobalSection(ProjectConfigurationPlatforms) = postSolution
		{29AE9FA8-9E03-45CF-8652-057A3F7FB564}.Debug|x64.ActiveCfg = Debug|x64
		{29AE9FA8-9E03-45CF-8652-057A3F7FB564}.Debug|x64.Build.0 = Debug|x64
		{29AE9FA8-9E03-45CF-8652-057A3F7FB564}.Debug|x86.ActiveCfg = Debug|Win32
		{29AE9FA8-9E03-45CF-8652-057A3F7FB564}.Debug|x86.Build.0 = Debug|Win32
		{29AE9FA8-9E03-45CF-8652-057A3F7FB564}.Release|x64.ActiveCfg = Release|x64
		{29AE9FA8-9E03-45CF-8652-057A3F7FB564}.Release|x64.Build.0 = Release|x64
		{29AE9FA8-9E03-45CF-8652-057A3F7FB564}.Release|x86.ActiveCfg = Release|Win32
		{29AE9FA8-9E03-45CF-8652-057A3F7FB564}.Release|x86.Build.0 = Release|Win32
		{5682A1DE-E842-43CD-A3B9-4F0ADAA5228E}.Debug|x64.ActiveCfg = Debug|x64
		{5682A1DE-E842-43CD-A3B9-4F0ADAA5228E}.Debug|x64.Build.0 = Debug|x64
		{5682A1DE-E842-43CD-A3B9-4F0ADAA5228E}.Debug|x86.ActiveCfg = Debug|Win32
		{5682A1DE-E842-43CD-A3B9-4F0ADAA5228E}.Debug|x86.Build.0 = Debug|Win32
		{5682A1DE-E842-43CD-A3B9-4F0ADAA5228E}.Release|x64.ActiveCfg = Release|x64
		{5682A1DE-E842-43CD-A3B9-4F0ADAA5228E}.Release|x64.Build.0 = Release|x64
		{5682A1DE-E842-43CD-A3B9-4F0ADAA5228E}.Release|x86.ActiveCfg = Release|Win32
		{5682A1DE-E842-43CD-A3B9-4F0ADAA5228E}.Release|x86.Build.0 = Release|Win32
	EndGlobalSection
	GlobalSection(SolutionProperties) = preSolution
		HideSolutionNode = FALSE
	EndGlobalSection
	GlobalSection(ExtensibilityGlobals) = postSolution
		SolutionGuid = {A9C1E7E2-E31C-4323-8A7B-7156D89E25B1}
	EndGlobalSection
EndGlobal
