
Microsoft Visual Studio Solution File, Format Version 12.00
# Visual Studio Version 16
VisualStudioVersion = 16.0.28729.10
MinimumVisualStudioVersion = 10.0.40219.1
Project("{8BC9CEB8-8B4A-11D0-8D11-00A0C91BC942}") = "AtCoder", "Project1\Project1.vcxproj", "{29AE9FA8-9E03-45CF-8652-057A3F7FB564}"
EndProject
Project("{8BC9CEB8-8B4A-11D0-8D11-00A0C91BC942}") = "AtCoder_linux", "AtCoder_linux\AtCoder_linux.vcxproj", "{289C3114-424A-4078-A192-6F7F75A53746}"
EndProject
Project("{888888A0-9F3D-457C-B088-3A5042F75D52}") = "Python", "Python\Python.pyproj", "{9969ADD6-27A9-4501-824F-CFBD7E7A6CD7}"
EndProject
Project("{888888A0-9F3D-457C-B088-3A5042F75D52}") = "ML", "ML\ML.pyproj", "{3B0A787C-49A9-4880-B4FB-63BBC86F34FB}"
EndProject
Project("{8BC9CEB8-8B4A-11D0-8D11-00A0C91BC942}") = "GoogleTest", "GoogleTest\GoogleTest.vcxproj", "{C5F25867-482D-4CF9-8C60-AF57FF6864E4}"
EndProject
Global
	GlobalSection(SolutionConfigurationPlatforms) = preSolution
		Debug|Any CPU = Debug|Any CPU
		Debug|ARM = Debug|ARM
		Debug|ARM64 = Debug|ARM64
		Debug|x64 = Debug|x64
		Debug|x86 = Debug|x86
		Release|Any CPU = Release|Any CPU
		Release|ARM = Release|ARM
		Release|ARM64 = Release|ARM64
		Release|x64 = Release|x64
		Release|x86 = Release|x86
	EndGlobalSection
	GlobalSection(ProjectConfigurationPlatforms) = postSolution
		{29AE9FA8-9E03-45CF-8652-057A3F7FB564}.Debug|Any CPU.ActiveCfg = Debug|Win32
		{29AE9FA8-9E03-45CF-8652-057A3F7FB564}.Debug|ARM.ActiveCfg = Debug|Win32
		{29AE9FA8-9E03-45CF-8652-057A3F7FB564}.Debug|ARM64.ActiveCfg = Debug|Win32
		{29AE9FA8-9E03-45CF-8652-057A3F7FB564}.Debug|x64.ActiveCfg = Debug|x64
		{29AE9FA8-9E03-45CF-8652-057A3F7FB564}.Debug|x64.Build.0 = Debug|x64
		{29AE9FA8-9E03-45CF-8652-057A3F7FB564}.Debug|x86.ActiveCfg = Debug|Win32
		{29AE9FA8-9E03-45CF-8652-057A3F7FB564}.Debug|x86.Build.0 = Debug|Win32
		{29AE9FA8-9E03-45CF-8652-057A3F7FB564}.Release|Any CPU.ActiveCfg = Release|Win32
		{29AE9FA8-9E03-45CF-8652-057A3F7FB564}.Release|ARM.ActiveCfg = Release|Win32
		{29AE9FA8-9E03-45CF-8652-057A3F7FB564}.Release|ARM64.ActiveCfg = Release|Win32
		{29AE9FA8-9E03-45CF-8652-057A3F7FB564}.Release|x64.ActiveCfg = Release|x64
		{29AE9FA8-9E03-45CF-8652-057A3F7FB564}.Release|x64.Build.0 = Release|x64
		{29AE9FA8-9E03-45CF-8652-057A3F7FB564}.Release|x86.ActiveCfg = Release|Win32
		{29AE9FA8-9E03-45CF-8652-057A3F7FB564}.Release|x86.Build.0 = Release|Win32
		{289C3114-424A-4078-A192-6F7F75A53746}.Debug|Any CPU.ActiveCfg = Debug|x86
		{289C3114-424A-4078-A192-6F7F75A53746}.Debug|ARM.ActiveCfg = Debug|ARM
		{289C3114-424A-4078-A192-6F7F75A53746}.Debug|ARM.Build.0 = Debug|ARM
		{289C3114-424A-4078-A192-6F7F75A53746}.Debug|ARM64.ActiveCfg = Debug|ARM64
		{289C3114-424A-4078-A192-6F7F75A53746}.Debug|ARM64.Build.0 = Debug|ARM64
		{289C3114-424A-4078-A192-6F7F75A53746}.Debug|x64.ActiveCfg = Debug|x64
		{289C3114-424A-4078-A192-6F7F75A53746}.Debug|x64.Build.0 = Debug|x64
		{289C3114-424A-4078-A192-6F7F75A53746}.Debug|x86.ActiveCfg = Debug|x86
		{289C3114-424A-4078-A192-6F7F75A53746}.Debug|x86.Build.0 = Debug|x86
		{289C3114-424A-4078-A192-6F7F75A53746}.Release|Any CPU.ActiveCfg = Release|x86
		{289C3114-424A-4078-A192-6F7F75A53746}.Release|ARM.ActiveCfg = Release|ARM
		{289C3114-424A-4078-A192-6F7F75A53746}.Release|ARM.Build.0 = Release|ARM
		{289C3114-424A-4078-A192-6F7F75A53746}.Release|ARM64.ActiveCfg = Release|ARM64
		{289C3114-424A-4078-A192-6F7F75A53746}.Release|ARM64.Build.0 = Release|ARM64
		{289C3114-424A-4078-A192-6F7F75A53746}.Release|x64.ActiveCfg = Release|x64
		{289C3114-424A-4078-A192-6F7F75A53746}.Release|x64.Build.0 = Release|x64
		{289C3114-424A-4078-A192-6F7F75A53746}.Release|x86.ActiveCfg = Release|x86
		{289C3114-424A-4078-A192-6F7F75A53746}.Release|x86.Build.0 = Release|x86
		{9969ADD6-27A9-4501-824F-CFBD7E7A6CD7}.Debug|Any CPU.ActiveCfg = Debug|Any CPU
		{9969ADD6-27A9-4501-824F-CFBD7E7A6CD7}.Debug|ARM.ActiveCfg = Debug|Any CPU
		{9969ADD6-27A9-4501-824F-CFBD7E7A6CD7}.Debug|ARM64.ActiveCfg = Debug|Any CPU
		{9969ADD6-27A9-4501-824F-CFBD7E7A6CD7}.Debug|x64.ActiveCfg = Debug|Any CPU
		{9969ADD6-27A9-4501-824F-CFBD7E7A6CD7}.Debug|x86.ActiveCfg = Debug|Any CPU
		{9969ADD6-27A9-4501-824F-CFBD7E7A6CD7}.Release|Any CPU.ActiveCfg = Release|Any CPU
		{9969ADD6-27A9-4501-824F-CFBD7E7A6CD7}.Release|ARM.ActiveCfg = Release|Any CPU
		{9969ADD6-27A9-4501-824F-CFBD7E7A6CD7}.Release|ARM64.ActiveCfg = Release|Any CPU
		{9969ADD6-27A9-4501-824F-CFBD7E7A6CD7}.Release|x64.ActiveCfg = Release|Any CPU
		{9969ADD6-27A9-4501-824F-CFBD7E7A6CD7}.Release|x86.ActiveCfg = Release|Any CPU
		{3B0A787C-49A9-4880-B4FB-63BBC86F34FB}.Debug|Any CPU.ActiveCfg = Debug|Any CPU
		{3B0A787C-49A9-4880-B4FB-63BBC86F34FB}.Debug|ARM.ActiveCfg = Debug|Any CPU
		{3B0A787C-49A9-4880-B4FB-63BBC86F34FB}.Debug|ARM64.ActiveCfg = Debug|Any CPU
		{3B0A787C-49A9-4880-B4FB-63BBC86F34FB}.Debug|x64.ActiveCfg = Debug|Any CPU
		{3B0A787C-49A9-4880-B4FB-63BBC86F34FB}.Debug|x86.ActiveCfg = Debug|Any CPU
		{3B0A787C-49A9-4880-B4FB-63BBC86F34FB}.Release|Any CPU.ActiveCfg = Release|Any CPU
		{3B0A787C-49A9-4880-B4FB-63BBC86F34FB}.Release|ARM.ActiveCfg = Release|Any CPU
		{3B0A787C-49A9-4880-B4FB-63BBC86F34FB}.Release|ARM64.ActiveCfg = Release|Any CPU
		{3B0A787C-49A9-4880-B4FB-63BBC86F34FB}.Release|x64.ActiveCfg = Release|Any CPU
		{3B0A787C-49A9-4880-B4FB-63BBC86F34FB}.Release|x86.ActiveCfg = Release|Any CPU
		{C5F25867-482D-4CF9-8C60-AF57FF6864E4}.Debug|Any CPU.ActiveCfg = Debug|Win32
		{C5F25867-482D-4CF9-8C60-AF57FF6864E4}.Debug|ARM.ActiveCfg = Debug|Win32
		{C5F25867-482D-4CF9-8C60-AF57FF6864E4}.Debug|ARM64.ActiveCfg = Debug|Win32
		{C5F25867-482D-4CF9-8C60-AF57FF6864E4}.Debug|x64.ActiveCfg = Debug|x64
		{C5F25867-482D-4CF9-8C60-AF57FF6864E4}.Debug|x64.Build.0 = Debug|x64
		{C5F25867-482D-4CF9-8C60-AF57FF6864E4}.Debug|x86.ActiveCfg = Debug|Win32
		{C5F25867-482D-4CF9-8C60-AF57FF6864E4}.Debug|x86.Build.0 = Debug|Win32
		{C5F25867-482D-4CF9-8C60-AF57FF6864E4}.Release|Any CPU.ActiveCfg = Release|Win32
		{C5F25867-482D-4CF9-8C60-AF57FF6864E4}.Release|ARM.ActiveCfg = Release|Win32
		{C5F25867-482D-4CF9-8C60-AF57FF6864E4}.Release|ARM64.ActiveCfg = Release|Win32
		{C5F25867-482D-4CF9-8C60-AF57FF6864E4}.Release|x64.ActiveCfg = Release|x64
		{C5F25867-482D-4CF9-8C60-AF57FF6864E4}.Release|x64.Build.0 = Release|x64
		{C5F25867-482D-4CF9-8C60-AF57FF6864E4}.Release|x86.ActiveCfg = Release|Win32
		{C5F25867-482D-4CF9-8C60-AF57FF6864E4}.Release|x86.Build.0 = Release|Win32
	EndGlobalSection
	GlobalSection(SolutionProperties) = preSolution
		HideSolutionNode = FALSE
	EndGlobalSection
	GlobalSection(ExtensibilityGlobals) = postSolution
		SolutionGuid = {A9C1E7E2-E31C-4323-8A7B-7156D89E25B1}
	EndGlobalSection
EndGlobal
