<?xml version="1.0" encoding="utf-8"?>
<Project ToolsVersion="4.0" xmlns="http://schemas.microsoft.com/developer/msbuild/2003">
  <ItemGroup>
    <ClCompile Include="Algorithm.cpp" />
    <ClCompile Include="..\Project1\BitCalc.h" />
    <ClCompile Include="..\Project1\Dijkstra.cpp" />
    <ClCompile Include="..\Project1\memo.cpp" />
    <ClCompile Include="NumberTheory.cpp" />
    <ClCompile Include="SegmentTree.cpp" />
    <ClCompile Include="Graph.cpp" />
  </ItemGroup>
</Project>